# THIS IS AN AUTOGENERATED FILE. DO NOT EDIT THIS FILE DIRECTLY.
# yarn lockfile v1


animate.css@^3.7.2:
  version "3.7.2"
  resolved "https://registry.npm.taobao.org/animate.css/download/animate.css-3.7.2.tgz#e73e0d50e92cb1cfef1597d9b38a9481020e08ea"
  integrity sha1-5z4NUOkssc/vFZfZs4qUgQIOCOo=

bootstrap@^4.4.1:
  version "4.4.1"
  resolved "https://registry.npm.taobao.org/bootstrap/download/bootstrap-4.4.1.tgz#8582960eea0c5cd2bede84d8b0baf3789c3e8b01"
  integrity sha1-hYKWDuoMXNK+3oTYsLrzeJw+iwE=

bootswatch@^4.4.1:
  version "4.4.1"
  resolved "https://registry.npm.taobao.org/bootswatch/download/bootswatch-4.4.1.tgz#f270618b4ebe07de8e1748acd88f104cc31bfec3"
  integrity sha1-8nBhi06+B96OF0is2I8QTMMb/sM=

commander@^2.19.0:
  version "2.20.3"
  resolved "https://registry.npm.taobao.org/commander/download/commander-2.20.3.tgz#fd485e84c03eb4881c20722ba48035e8531aeb33"
  integrity sha1-/UhehMA+tIgcIHIrpIA16FMa6zM=

jquery@^3.4.1:
  version "3.4.1"
  resolved "https://registry.npm.taobao.org/jquery/download/jquery-3.4.1.tgz#714f1f8d9dde4bdfa55764ba37ef214630d80ef2"
  integrity sha1-cU8fjZ3eS9+lV2S6N+8hRjDYDvI=

katex@^0.11.1:
  version "0.11.1"
  resolved "https://registry.npm.taobao.org/katex/download/katex-0.11.1.tgz#df30ca40c565c9df01a466a00d53e079e84ffaa2"
  integrity sha1-3zDKQMVlyd8BpGagDVPgeehP+qI=
  dependencies:
    commander "^2.19.0"

normalize.css@^8.0.1:
  version "8.0.1"
  resolved "https://registry.npm.taobao.org/normalize.css/download/normalize.css-8.0.1.tgz#9b98a208738b9cc2634caacbc42d131c97487bf3"
  integrity sha1-m5iiCHOLnMJjTKrLxC0THJdIe/M=
